
Microsoft Visual Studio Solution File, Format Version 12.00
# Visual Studio Version 17
VisualStudioVersion = 17.5.002.0
MinimumVisualStudioVersion = 10.0.40219.1
Project("{9A19103F-16F7-4668-BE54-9A1E7A4F7556}") = "amorphie.adapter.strapi", "amorphie.adapter.strapi.csproj", "{95EF179E-5938-4B5F-9A70-216BA526CDB0}"
EndProject
Global
	GlobalSection(SolutionConfigurationPlatforms) = preSolution
		Debug|Any CPU = Debug|Any CPU
		Release|Any CPU = Release|Any CPU
	EndGlobalSection
	GlobalSection(ProjectConfigurationPlatforms) = postSolution
		{95EF179E-5938-4B5F-9A70-216BA526CDB0}.Debug|Any CPU.ActiveCfg = Debug|Any CPU
		{95EF179E-5938-4B5F-9A70-216BA526CDB0}.Debug|Any CPU.Build.0 = Debug|Any CPU
		{95EF179E-5938-4B5F-9A70-216BA526CDB0}.Release|Any CPU.ActiveCfg = Release|Any CPU
		{95EF179E-5938-4B5F-9A70-216BA526CDB0}.Release|Any CPU.Build.0 = Release|Any CPU
	EndGlobalSection
	GlobalSection(SolutionProperties) = preSolution
		HideSolutionNode = FALSE
	EndGlobalSection
	GlobalSection(ExtensibilityGlobals) = postSolution
		SolutionGuid = {20FBB6A2-E4C8-4025-8B77-7C2922D2A1D9}
	EndGlobalSection
EndGlobal
